
Microsoft Visual Studio Solution File, Format Version 12.00
# Visual Studio Version 16
VisualStudioVersion = 16.0.30523.141
MinimumVisualStudioVersion = 10.0.40219.1
Project("{FAE04EC0-301F-11D3-BF4B-00C04F79EFBC}") = "IT391Unit8", "IT391Unit8\IT391Unit8.csproj", "{8B2FF9DB-65B7-4CEF-AE75-1E194056B42F}"
EndProject
Global
	GlobalSection(SolutionConfigurationPlatforms) = preSolution
		Debug|Any CPU = Debug|Any CPU
		Release|Any CPU = Release|Any CPU
	EndGlobalSection
	GlobalSection(ProjectConfigurationPlatforms) = postSolution
		{8B2FF9DB-65B7-4CEF-AE75-1E194056B42F}.Debug|Any CPU.ActiveCfg = Debug|Any CPU
		{8B2FF9DB-65B7-4CEF-AE75-1E194056B42F}.Debug|Any CPU.Build.0 = Debug|Any CPU
		{8B2FF9DB-65B7-4CEF-AE75-1E194056B42F}.Release|Any CPU.ActiveCfg = Release|Any CPU
		{8B2FF9DB-65B7-4CEF-AE75-1E194056B42F}.Release|Any CPU.Build.0 = Release|Any CPU
	EndGlobalSection
	GlobalSection(SolutionProperties) = preSolution
		HideSolutionNode = FALSE
	EndGlobalSection
	GlobalSection(ExtensibilityGlobals) = postSolution
		SolutionGuid = {F044CB84-72A5-4EC5-A133-96EB3F4BFD85}
	EndGlobalSection
EndGlobal
